
Microsoft Visual Studio Solution File, Format Version 12.00
# Visual Studio Version 16
VisualStudioVersion = 16.0.33423.256
MinimumVisualStudioVersion = 10.0.40219.1
Project("{FAE04EC0-301F-11D3-BF4B-00C04F79EFBC}") = "Task1", "Task1\Task1.csproj", "{98D2B249-B352-401E-83D6-96F2EDA59F10}"
EndProject
Global
	GlobalSection(SolutionConfigurationPlatforms) = preSolution
		Debug|Any CPU = Debug|Any CPU
		Release|Any CPU = Release|Any CPU
	EndGlobalSection
	GlobalSection(ProjectConfigurationPlatforms) = postSolution
		{98D2B249-B352-401E-83D6-96F2EDA59F10}.Debug|Any CPU.ActiveCfg = Debug|Any CPU
		{98D2B249-B352-401E-83D6-96F2EDA59F10}.Debug|Any CPU.Build.0 = Debug|Any CPU
		{98D2B249-B352-401E-83D6-96F2EDA59F10}.Release|Any CPU.ActiveCfg = Release|Any CPU
		{98D2B249-B352-401E-83D6-96F2EDA59F10}.Release|Any CPU.Build.0 = Release|Any CPU
	EndGlobalSection
	GlobalSection(SolutionProperties) = preSolution
		HideSolutionNode = FALSE
	EndGlobalSection
	GlobalSection(ExtensibilityGlobals) = postSolution
		SolutionGuid = {138EED93-9862-4167-ADF3-0C310AF46519}
	EndGlobalSection
EndGlobal
